
Microsoft Visual Studio Solution File, Format Version 12.00
# Visual Studio Version 16
VisualStudioVersion = 16.0.30503.244
MinimumVisualStudioVersion = 10.0.40219.1
Project("{9A19103F-16F7-4668-BE54-9A1E7A4F7556}") = "ApiRoulette", "ApiRoulette.csproj", "{EF72BB39-D8F9-4596-A191-1A89A92383CE}"
EndProject
Project("{9A19103F-16F7-4668-BE54-9A1E7A4F7556}") = "TestMasivian", "..\Downloads\TestMasivian-master\TestMasivian-master\TestMasivian.csproj", "{0450613F-8053-41FA-BD18-F5DFBDA84F21}"
EndProject
Global
	GlobalSection(SolutionConfigurationPlatforms) = preSolution
		Debug|Any CPU = Debug|Any CPU
		Release|Any CPU = Release|Any CPU
	EndGlobalSection
	GlobalSection(ProjectConfigurationPlatforms) = postSolution
		{EF72BB39-D8F9-4596-A191-1A89A92383CE}.Debug|Any CPU.ActiveCfg = Debug|Any CPU
		{EF72BB39-D8F9-4596-A191-1A89A92383CE}.Debug|Any CPU.Build.0 = Debug|Any CPU
		{EF72BB39-D8F9-4596-A191-1A89A92383CE}.Release|Any CPU.ActiveCfg = Release|Any CPU
		{EF72BB39-D8F9-4596-A191-1A89A92383CE}.Release|Any CPU.Build.0 = Release|Any CPU
		{0450613F-8053-41FA-BD18-F5DFBDA84F21}.Debug|Any CPU.ActiveCfg = Debug|Any CPU
		{0450613F-8053-41FA-BD18-F5DFBDA84F21}.Debug|Any CPU.Build.0 = Debug|Any CPU
		{0450613F-8053-41FA-BD18-F5DFBDA84F21}.Release|Any CPU.ActiveCfg = Release|Any CPU
		{0450613F-8053-41FA-BD18-F5DFBDA84F21}.Release|Any CPU.Build.0 = Release|Any CPU
	EndGlobalSection
	GlobalSection(SolutionProperties) = preSolution
		HideSolutionNode = FALSE
	EndGlobalSection
	GlobalSection(ExtensibilityGlobals) = postSolution
		SolutionGuid = {66E29374-E23D-4DFD-92C2-4A310A549C02}
	EndGlobalSection
EndGlobal
